
Microsoft Visual Studio Solution File, Format Version 12.00
# Visual Studio Version 17
VisualStudioVersion = 17.9.34622.214
MinimumVisualStudioVersion = 10.0.40219.1
Project("{FAE04EC0-301F-11D3-BF4B-00C04F79EFBC}") = "Patientenkartei", "Patientenkartei\Patientenkartei.csproj", "{8542313C-84F7-4E9E-B35D-3BB8A1ADF6DB}"
EndProject
Global
	GlobalSection(SolutionConfigurationPlatforms) = preSolution
		Debug|Any CPU = Debug|Any CPU
		Release|Any CPU = Release|Any CPU
	EndGlobalSection
	GlobalSection(ProjectConfigurationPlatforms) = postSolution
		{8542313C-84F7-4E9E-B35D-3BB8A1ADF6DB}.Debug|Any CPU.ActiveCfg = Debug|Any CPU
		{8542313C-84F7-4E9E-B35D-3BB8A1ADF6DB}.Debug|Any CPU.Build.0 = Debug|Any CPU
		{8542313C-84F7-4E9E-B35D-3BB8A1ADF6DB}.Release|Any CPU.ActiveCfg = Release|Any CPU
		{8542313C-84F7-4E9E-B35D-3BB8A1ADF6DB}.Release|Any CPU.Build.0 = Release|Any CPU
	EndGlobalSection
	GlobalSection(SolutionProperties) = preSolution
		HideSolutionNode = FALSE
	EndGlobalSection
	GlobalSection(ExtensibilityGlobals) = postSolution
		SolutionGuid = {07D20E7F-1E1C-4383-87B1-040B138BDECE}
	EndGlobalSection
EndGlobal
